
Microsoft Visual Studio Solution File, Format Version 12.00
# Visual Studio 15
VisualStudioVersion = 15.0.28307.329
MinimumVisualStudioVersion = 10.0.40219.1
Project("{9A19103F-16F7-4668-BE54-9A1E7A4F7556}") = "BengansBowlinghall", "BengansBowlinghall\BengansBowlinghall.csproj", "{9B8E4109-47A1-4B24-AE8A-22C01B578100}"
EndProject
Project("{FAE04EC0-301F-11D3-BF4B-00C04F79EFBC}") = "BengansBowlinghallTest", "BengansBowlinghallTest\BengansBowlinghallTest.csproj", "{1346AC83-7499-4F1E-9DBC-992978CFF75F}"
EndProject
Global
	GlobalSection(SolutionConfigurationPlatforms) = preSolution
		Debug|Any CPU = Debug|Any CPU
		Release|Any CPU = Release|Any CPU
	EndGlobalSection
	GlobalSection(ProjectConfigurationPlatforms) = postSolution
		{9B8E4109-47A1-4B24-AE8A-22C01B578100}.Debug|Any CPU.ActiveCfg = Debug|Any CPU
		{9B8E4109-47A1-4B24-AE8A-22C01B578100}.Debug|Any CPU.Build.0 = Debug|Any CPU
		{9B8E4109-47A1-4B24-AE8A-22C01B578100}.Release|Any CPU.ActiveCfg = Release|Any CPU
		{9B8E4109-47A1-4B24-AE8A-22C01B578100}.Release|Any CPU.Build.0 = Release|Any CPU
		{1346AC83-7499-4F1E-9DBC-992978CFF75F}.Debug|Any CPU.ActiveCfg = Debug|Any CPU
		{1346AC83-7499-4F1E-9DBC-992978CFF75F}.Debug|Any CPU.Build.0 = Debug|Any CPU
		{1346AC83-7499-4F1E-9DBC-992978CFF75F}.Release|Any CPU.ActiveCfg = Release|Any CPU
		{1346AC83-7499-4F1E-9DBC-992978CFF75F}.Release|Any CPU.Build.0 = Release|Any CPU
	EndGlobalSection
	GlobalSection(SolutionProperties) = preSolution
		HideSolutionNode = FALSE
	EndGlobalSection
	GlobalSection(ExtensibilityGlobals) = postSolution
		SolutionGuid = {305182CA-4C23-4182-81F7-3A891BD0B006}
	EndGlobalSection
EndGlobal
